
Microsoft Visual Studio Solution File, Format Version 12.00
# Visual Studio Version 17
VisualStudioVersion = 17.7.34202.233
MinimumVisualStudioVersion = 10.0.40219.1
Project("{FAE04EC0-301F-11D3-BF4B-00C04F79EFBC}") = "Project_Dotnet", "Project_Dotnet\Project_Dotnet.csproj", "{1CE1FA6F-9F73-4276-9294-EF4CC4EF88A4}"
EndProject
Global
	GlobalSection(SolutionConfigurationPlatforms) = preSolution
		Debug|Any CPU = Debug|Any CPU
		Release|Any CPU = Release|Any CPU
	EndGlobalSection
	GlobalSection(ProjectConfigurationPlatforms) = postSolution
		{1CE1FA6F-9F73-4276-9294-EF4CC4EF88A4}.Debug|Any CPU.ActiveCfg = Debug|Any CPU
		{1CE1FA6F-9F73-4276-9294-EF4CC4EF88A4}.Debug|Any CPU.Build.0 = Debug|Any CPU
		{1CE1FA6F-9F73-4276-9294-EF4CC4EF88A4}.Release|Any CPU.ActiveCfg = Release|Any CPU
		{1CE1FA6F-9F73-4276-9294-EF4CC4EF88A4}.Release|Any CPU.Build.0 = Release|Any CPU
	EndGlobalSection
	GlobalSection(SolutionProperties) = preSolution
		HideSolutionNode = FALSE
	EndGlobalSection
	GlobalSection(ExtensibilityGlobals) = postSolution
		SolutionGuid = {0777731A-AF4F-45B1-9DB6-235ECD668F01}
	EndGlobalSection
EndGlobal
